<?xml version="1.0" encoding="utf-8"?>
<Project ToolsVersion="4.0" xmlns="http://schemas.microsoft.com/developer/msbuild/2003">
  <ItemGroup>
    <Filter Include="Source Files">
      <UniqueIdentifier>{4FC737F1-C7A5-4376-A066-2A32D752A2FF}</UniqueIdentifier>
      <Extensions>cpp;c;cc;cxx;c++;cppm;ixx;def;odl;idl;hpj;bat;asm;asmx</Extensions>
    </Filter>
    <Filter Include="OpenGL">
      <UniqueIdentifier>{6625d5cc-5d28-492b-b393-83e77b2c5b9b}</UniqueIdentifier>
    </Filter>
    <Filter Include="OpenGL\glad">
      <UniqueIdentifier>{9c86f7d9-4591-45fb-a483-052396d5ff5d}</UniqueIdentifier>
    </Filter>
    <Filter Include="Source Files\Game">
      <UniqueIdentifier>{c2d60d53-f5d8-4b4f-9493-d89143d57c6d}</UniqueIdentifier>
    </Filter>
    <Filter Include="Source Files\Shaders">
      <UniqueIdentifier>{5c289889-c618-41bb-8d79-6e7effa148b9}</UniqueIdentifier>
    </Filter>
    <Filter Include="Source Files\Graphic Objects">
      <UniqueIdentifier>{a469388a-e677-4599-a092-e83840eaabc4}</UniqueIdentifier>
    </Filter>
    <Filter Include="Source Files\Game Objects">
      <UniqueIdentifier>{fa31b0f9-a650-4f1b-8b69-91a0a2a124da}</UniqueIdentifier>
    </Filter>
  </ItemGroup>
  <ItemGroup>
    <ClCompile Include="main.cpp">
      <Filter>Source Files</Filter>
    </ClCompile>
    <ClCompile Include="..\Libraries\glad\src\glad.c">
      <Filter>OpenGL\glad</Filter>
    </ClCompile>
    <ClCompile Include="HexagonPlane.cpp">
      <Filter>Source Files\Game Objects</Filter>
    </ClCompile>
    <ClCompile Include="SimpleGame.cpp">
      <Filter>Source Files\Game</Filter>
    </ClCompile>
    <ClCompile Include="GraphicsObject.cpp">
      <Filter>Source Files\Graphic Objects</Filter>
    </ClCompile>
    <ClCompile Include="GraphicsObject_Simple.cpp">
      <Filter>Source Files\Graphic Objects</Filter>
    </ClCompile>
    <ClCompile Include="Mesh.cpp">
      <Filter>Source Files\Game Objects</Filter>
    </ClCompile>
    <ClCompile Include="ShaderObject.cpp">
      <Filter>Source Files\Shaders</Filter>
    </ClCompile>
  </ItemGroup>
  <ItemGroup>
    <ClInclude Include="HexagonPlane.h">
      <Filter>Source Files\Game Objects</Filter>
    </ClInclude>
    <ClInclude Include="MeshProperties.h">
      <Filter>Source Files\Game Objects</Filter>
    </ClInclude>
    <ClInclude Include="SimpleGame.h">
      <Filter>Source Files\Game</Filter>
    </ClInclude>
    <ClInclude Include="ShaderObject.h">
      <Filter>Source Files\Shaders</Filter>
    </ClInclude>
    <ClInclude Include="OpenGL_Helper.h">
      <Filter>OpenGL</Filter>
    </ClInclude>
    <ClInclude Include="GraphicsObject_Simple.h">
      <Filter>Source Files\Graphic Objects</Filter>
    </ClInclude>
    <ClInclude Include="GraphicsObject.h">
      <Filter>Source Files\Graphic Objects</Filter>
    </ClInclude>
    <ClInclude Include="RenderMaterial.h">
      <Filter>Source Files\Graphic Objects</Filter>
    </ClInclude>
    <ClInclude Include="Mesh.h">
      <Filter>Source Files\Game Objects</Filter>
    </ClInclude>
  </ItemGroup>
</Project>